{
  "version": 4,
  "terraform_version": "1.9.5",
  "serial": 12,
  "lineage": "1cb58bf3-4515-8f47-294c-aaef0c1ea0fa",
  "outputs": {},
  "resources": [
    {
      "mode": "managed",
      "type": "digitalocean_droplet",
      "name": "web_server",
      "provider": "provider[\"registry.terraform.io/digitalocean/digitalocean\"]",
      "instances": [
        {
          "schema_version": 1,
          "attributes": {
            "backups": false,
            "created_at": "2024-10-21T05:12:10Z",
            "disk": 25,
            "droplet_agent": null,
            "graceful_shutdown": false,
            "id": "452980913",
            "image": "ubuntu-24-04-x64",
            "ipv4_address": "68.183.87.3",
            "ipv4_address_private": "10.122.0.2",
            "ipv6": false,
            "ipv6_address": "",
            "locked": false,
            "memory": 1024,
            "monitoring": false,
            "name": "sumit",
            "price_hourly": 0.00893,
            "price_monthly": 6,
            "private_networking": true,
            "region": "blr1",
            "resize_disk": true,
            "size": "s-1vcpu-1gb",
            "ssh_keys": [
              "0b:e8:e5:7b:b3:4b:3e:a8:37:23:b7:ec:17:18:d2:3a"
            ],
            "status": "active",
            "tags": null,
            "timeouts": null,
            "urn": "do:droplet:452980913",
            "user_data": null,
            "vcpus": 1,
            "volume_ids": [],
            "vpc_uuid": "dee4bb2c-0c5f-4109-a075-423c5c531b96"
          },
          "sensitive_attributes": [],
          "private": "eyJlMmJmYjczMC1lY2FhLTExZTYtOGY4OC0zNDM2M2JjN2M0YzAiOnsiY3JlYXRlIjozNjAwMDAwMDAwMDAwLCJkZWxldGUiOjYwMDAwMDAwMDAwLCJ1cGRhdGUiOjM2MDAwMDAwMDAwMDB9LCJzY2hlbWFfdmVyc2lvbiI6IjEifQ==",
          "dependencies": [
            "digitalocean_ssh_key.default"
          ]
        }
      ]
    },
    {
      "mode": "managed",
      "type": "digitalocean_ssh_key",
      "name": "default",
      "provider": "provider[\"registry.terraform.io/digitalocean/digitalocean\"]",
      "instances": [
        {
          "schema_version": 0,
          "attributes": {
            "fingerprint": "0b:e8:e5:7b:b3:4b:3e:a8:37:23:b7:ec:17:18:d2:3a",
            "id": "43812383",
            "name": "terra-key",
            "public_key": "ssh-rsa AAAAB3NzaC1yc2EAAAADAQABAAABgQCqRIXQJpRdf6OqU8nSf6UMnCMcxskSNmBoM7k8+kvpAQGxOiwuGzUQFRuXIUDkoT5lgyNm7GtBCFcdezzupbK73jIJfYJ0ujf83RFeMwApOT/h4ps8kmYF6dKk6eiATta52yPq3RSMxzEMaTxoP6p8PJtxYx9OylKYZd2VU8KA3OoQj8F4FW/ZnIXUzxDvU7a0MzYP5wAyfdVKSxHWKpZkF+fLK7ipmu0y3SSacEhNhGQl6aPoVIa+KV0M62SRfZs6Do5Q03vPHNh2wWzWYzgTHvhdgs9SK+eFqyrCEZsMqHMk/Lsjr+qXntCsQrTCfZmUFIYbZ8dVi91418iHb3Y5SPFpdRIu9JADPR8ujHK2BT6Tma8LkEnjlCRqZWO+bKp3VE9metdcmC9jrl+iMSj5t3Ab1MMir53YNZORCfTb4TBKElWA3CnYIhiCe8eiR6fTTeCdtSwHus7DfEM9JxP54Jxy6OoxRwTGjNkYrU5mlqOK26uEe9iYjMJUaYp6lcc= devops\n",
            "timeouts": null
          },
          "sensitive_attributes": [],
          "private": "eyJlMmJmYjczMC1lY2FhLTExZTYtOGY4OC0zNDM2M2JjN2M0YzAiOnsiY3JlYXRlIjoxMjAwMDAwMDAwMDB9fQ=="
        }
      ]
    },
    {
      "mode": "managed",
      "type": "null_resource",
      "name": "app_management",
      "provider": "provider[\"registry.terraform.io/hashicorp/null\"]",
      "instances": [
        {
          "schema_version": 0,
          "attributes": {
            "id": "5442781113175972723",
            "triggers": {
              "app_action": ""
            }
          },
          "sensitive_attributes": [],
          "dependencies": [
            "digitalocean_droplet.web_server",
            "digitalocean_ssh_key.default"
          ]
        }
      ]
    }
  ],
  "check_results": null
}
